version = 1
revision = 3
requires-python = ">=3.10"

[[package]]
name = "design-analysis"
version = "0.1.0"
source = { virtual = "." }
dependencies = [
    { name = "klayout" },
]

[package.metadata]
requires-dist = [{ name = "klayout" }]

[[package]]
name = "klayout"
version = "0.30.7"
source = { registry = "https://pypi.org/simple" }
sdist = { url = "https://files.pythonhosted.org/packages/a7/a4/21608c915c47c2a5d04fa63c92cef9811778024c7547013252d50414ef1f/klayout-0.30.7.tar.gz", hash = "sha256:faef254893556a27c42f164acd0e33b7e7a4d2d0e662696cf2d2ef8e4793b6f7", size = 4449476, upload-time = "2026-03-10T06:52:26.527Z" }
wheels = [
    { url = "https://files.pythonhosted.org/packages/11/55/9c11b015c9c90e274eb890129f27be7d3b503c856dee46cee8b7f4b83a3d/klayout-0.30.7-cp310-cp310-macosx_10_9_x86_64.whl", hash = "sha256:774f4bf08fa4990d79766ad8508c1158fc784bdc993f79d12fb075ed48e8b755", size = 21171038, upload-time = "2026-03-07T20:02:57.06Z" },
    { url = "https://files.pythonhosted.org/packages/2e/79/ac4f29be4201076d3b6ba6629aeebd507c6c3099799f75783dd0f63214ef/klayout-0.30.7-cp310-cp310-macosx_11_0_arm64.whl", hash = "sha256:a8f34054a14df82bb07bd2adb688f6807269e5a927dfaf877ce51205d0d11aba", size = 20689844, upload-time = "2026-03-07T20:03:00.174Z" },
    { url = "https://files.pythonhosted.org/packages/8f/cc/14c99bd72be7b94a1693c8e49df031660b70d2f82a28e61b8917e40e5aeb/klayout-0.30.7-cp310-cp310-manylinux_2_27_aarch64.manylinux_2_28_aarch64.whl", hash = "sha256:49711dd077a2755caf760441595aa4cd984afdb836404fb9c1ea0497a8cae09c", size = 25028633, upload-time = "2026-03-07T20:03:03.356Z" },
    { url = "https://files.pythonhosted.org/packages/e6/d4/70966304af9832c25c78df42e0fb8e5a5967d06a9e7d6ed557f6a62f66ab/klayout-0.30.7-cp310-cp310-manylinux_2_27_x86_64.manylinux_2_28_x86_64.whl", hash = "sha256:27e4aa3129740479223303344b9c9b6f2c8c1333cedee9f29bfc6da917323575", size = 26957088, upload-time = "2026-03-07T20:03:06.164Z" },
    { url = "https://files.pythonhosted.org/packages/87/2b/58ed80a1df0edad8a6708d791b24c454203efa8d3b7315f3bc905385926a/klayout-0.30.7-cp310-cp310-musllinux_1_2_x86_64.whl", hash = "sha256:cea36cf3dbca6e2aeab09c34540e2bb33cf90ac069cae3c49a8aa2f46554cdc4", size = 28503012, upload-time = "2026-03-07T20:03:09.197Z" },
    { url = "https://files.pythonhosted.org/packages/c2/74/ef0dd40bb6edb9ecf3c9ff1ab7d82d1d4a3c2f955c83b8fefa4ee600b7bc/klayout-0.30.7-cp310-cp310-win32.whl", hash = "sha256:ca60924848bd4dc9c6958295f090566b70b817b4f2224f62b42f032b528fc3af", size = 12168124, upload-time = "2026-03-07T19:25:25.3Z" },
    { url = "https://files.pythonhosted.org/packages/bb/59/e4c4ad360371804171e0c124fbe1e74ffd8df1ae07731695f12e87c39f96/klayout-0.30.7-cp310-cp310-win_amd64.whl", hash = "sha256:c0fdbf8aaeb388a2cd6492be880a2c5242e34bfbcbc87fdb22b657b57c1c313c", size = 13720341, upload-time = "2026-03-07T19:25:27.153Z" },
    { url = "https://files.pythonhosted.org/packages/5c/68/9ac2b4ecc41a19d4671563a8ba58b92a134e9177e4091d60bcc05e83029f/klayout-0.30.7-cp311-cp311-macosx_10_9_x86_64.whl", hash = "sha256:6ebdf485abbcaf505f524c60779c9680725455114457eab8d0a8d20da8d43ea1", size = 21171012, upload-time = "2026-03-07T20:03:12.906Z" },
    { url = "https://files.pythonhosted.org/packages/3b/bf/cac3f4caba87c94f94db1b29c90c9d3786907a142f4cb0dd2b02c8f98337/klayout-0.30.7-cp311-cp311-macosx_11_0_arm64.whl", hash = "sha256:28ac7e8c55d05b4d9272fcfcce51734a8d8e04d51dc61a3b763330ca613eea10", size = 20689926, upload-time = "2026-03-07T20:03:15.985Z" },
    { url = "https://files.pythonhosted.org/packages/f9/de/d5aa2334f71d3cb790da85c4eec0ca4b7b52144464cfdb546b5bb1e3cf3a/klayout-0.30.7-cp311-cp311-manylinux_2_27_aarch64.manylinux_2_28_aarch64.whl", hash = "sha256:fb886b6260ba7623e34ba365ef112c645b249531a26353992f1ff9d4bf6fc438", size = 25028656, upload-time = "2026-03-07T20:03:19.478Z" },
    { url = "https://files.pythonhosted.org/packages/1a/77/edc83f8e4ae143d802193045649a1e7e85f9a5608040d7e00d3875f8b321/klayout-0.30.7-cp311-cp311-manylinux_2_27_x86_64.manylinux_2_28_x86_64.whl", hash = "sha256:60db5f8dc339bde5ed3213589ab70925e3eb81c2d39af6defaf3070f6c33e04a", size = 26957054, upload-time = "2026-03-07T20:03:22.783Z" },
    { url = "https://files.pythonhosted.org/packages/0b/3c/61e0e03441d1f328cb6c0eaff6ca9fc0e6898551328a7e9efa2ba7016877/klayout-0.30.7-cp311-cp311-musllinux_1_2_x86_64.whl", hash = "sha256:03949e639dd48607520eb92dbef16d69d3303f35f8d3a9f7072cc3850b4545aa", size = 28503140, upload-time = "2026-03-07T20:03:25.835Z" },
    { url = "https://files.pythonhosted.org/packages/f0/b0/6630a204fbc4a3a9ce2e077eb8d479644d87328852e9180817dd455c55fa/klayout-0.30.7-cp311-cp311-win32.whl", hash = "sha256:8ee4c520b92136c435a6a578c3f7c23296a8ac6337938c981d5f5ecc4497e087", size = 12168028, upload-time = "2026-03-07T19:25:29.342Z" },
    { url = "https://files.pythonhosted.org/packages/17/16/f7cf99092b50ac4c5d4e825545095460cd0964fab406f258611a9dca1c10/klayout-0.30.7-cp311-cp311-win_amd64.whl", hash = "sha256:76ad4ee87ae96bd3aceea264ca9e6b12424dcd8a78a43ae8d3faf5d3ecf2d37f", size = 13720575, upload-time = "2026-03-07T19:25:30.971Z" },
    { url = "https://files.pythonhosted.org/packages/da/b6/73d44753f897d462cbe62113f89f572e48ef41ee5b6b8514df7995fc32fd/klayout-0.30.7-cp312-cp312-macosx_10_13_x86_64.whl", hash = "sha256:0286958a70cce2bd3952f123601d1a4e4ddb3679b09305ba0dc15f7a7c7e9dfa", size = 20773815, upload-time = "2026-03-10T06:51:02.02Z" },
    { url = "https://files.pythonhosted.org/packages/e5/ae/995a248cdab13e5b1e13d10d01ab67fdf0986443381e2a5e5d6ae1c94bc9/klayout-0.30.7-cp312-cp312-macosx_11_0_arm64.whl", hash = "sha256:6311d6d3fbaa6edecd5f2831088e93975af75e8d97228bcd883464135f248716", size = 20690056, upload-time = "2026-03-10T06:51:04.455Z" },
    { url = "https://files.pythonhosted.org/packages/74/34/8231b40e65288765eb929cacf740e5008415512d9ad2d4444d815fde6039/klayout-0.30.7-cp312-cp312-manylinux_2_27_aarch64.manylinux_2_28_aarch64.whl", hash = "sha256:51de648554e1205ad8939df28cf7d2fe68e45aa9286257e19398f36f9b4b5204", size = 25045080, upload-time = "2026-03-10T06:51:06.791Z" },
    { url = "https://files.pythonhosted.org/packages/9b/79/b8d31d1ee81b5696c5f228cf07cb0c4fc12def20f2444bb624e94b2ce339/klayout-0.30.7-cp312-cp312-manylinux_2_27_x86_64.manylinux_2_28_x86_64.whl", hash = "sha256:bfb448b999bc4eb8b9b7b756c6bc796df637c454244725850b39a1f093e4e603", size = 26978364, upload-time = "2026-03-10T06:51:09.485Z" },
    { url = "https://files.pythonhosted.org/packages/d2/d0/953c7b65ad5b732f3fb08bca58d842c3cd78bff75228a3bc4c6b4372f740/klayout-0.30.7-cp312-cp312-musllinux_1_2_x86_64.whl", hash = "sha256:ed38f2dc9fdcebd27aa7c15726453278c6e56ab416e6ee54c9a62f5ee81d5cce", size = 28524610, upload-time = "2026-03-10T06:51:12.304Z" },
    { url = "https://files.pythonhosted.org/packages/4e/d7/c1c4e91ccddae2149fe88ddc2b17ccbb55b871786d1fa5331efa4f204c7c/klayout-0.30.7-cp312-cp312-win32.whl", hash = "sha256:c1173447d6fa8862aec9301b4b2c0e84e48bb29c1963d51d1aaee56c8caf38b7", size = 12169261, upload-time = "2026-03-07T19:25:32.762Z" },
    { url = "https://files.pythonhosted.org/packages/3d/b7/45114e15b099e2dfdcdcac3567bf5a64fd218623506e7e2edafc66ecdb5f/klayout-0.30.7-cp312-cp312-win_amd64.whl", hash = "sha256:1dcdfaf8b4d08e0b19dd0c2f57f2f624bac9b67f6a37b66bca12cd5950090274", size = 13719975, upload-time = "2026-03-07T19:25:34.906Z" },
    { url = "https://files.pythonhosted.org/packages/37/36/479dfa1a5e6a236b73149c2a488a09a504703505a458f82fea9bde10f1f8/klayout-0.30.7-cp313-cp313-macosx_10_13_x86_64.whl", hash = "sha256:5aa503142cf7454ea7e84cda75c675abe4bed116eab76d62f4447438be395740", size = 20773820, upload-time = "2026-03-10T06:51:15.189Z" },
    { url = "https://files.pythonhosted.org/packages/c5/21/c20bbaaf75317f697f26ed3010c487b47e8b484ed001ba5d373d198c702f/klayout-0.30.7-cp313-cp313-macosx_11_0_arm64.whl", hash = "sha256:5666733eafef057866d4268db9eabd3068bf675b8eaf2a1e3317464aa2aedec1", size = 20689899, upload-time = "2026-03-10T06:51:17.819Z" },
    { url = "https://files.pythonhosted.org/packages/f8/e2/01929e0506def55a28bbb333ea41cca1d9b653b6040673524b42c6470dee/klayout-0.30.7-cp313-cp313-manylinux_2_27_aarch64.manylinux_2_28_aarch64.whl", hash = "sha256:dd146197c6a33628e2b34de019fc5b78cf16ee83715bf64abe7618b18d89f611", size = 25045102, upload-time = "2026-03-10T06:51:20.661Z" },
    { url = "https://files.pythonhosted.org/packages/74/26/25fad934caf3286c80fa545a249c6a78ff1e0441f790a6ba95ca66706595/klayout-0.30.7-cp313-cp313-manylinux_2_27_x86_64.manylinux_2_28_x86_64.whl", hash = "sha256:4bc94c14a97f6530d176e40e4adbc2c01b146e3780bb86f5011264cbbb0f9bad", size = 26978396, upload-time = "2026-03-10T06:51:23.389Z" },
    { url = "https://files.pythonhosted.org/packages/6a/d6/c4d1b5c0d9ac47b1313bcd6c96156f74c9d1973ccf79c95d5de04800d636/klayout-0.30.7-cp313-cp313-musllinux_1_2_x86_64.whl", hash = "sha256:020565ceb411d54b13aaebe473c51ec8b497b9a1ecb56087b80b98ece5651d75", size = 28524635, upload-time = "2026-03-10T06:51:26.457Z" },
    { url = "https://files.pythonhosted.org/packages/a1/6b/e4db19026db328ccb31a7bf1755b5fe5403feba2bff8085f61f89a9de3e7/klayout-0.30.7-cp313-cp313-win32.whl", hash = "sha256:556286ab645cd700f810b4ac5df383867b00df09bebc40d83f3c2189d930ca1a", size = 12169229, upload-time = "2026-03-07T19:25:36.945Z" },
    { url = "https://files.pythonhosted.org/packages/33/63/336c457c08d673756b3a77f91235d4771223291cd80be3abeb7658b5f8ef/klayout-0.30.7-cp313-cp313-win_amd64.whl", hash = "sha256:53ec6425e20a5a3ec47169930d9b2ba63f04b5d1c55dfda8858b42d6a764bc32", size = 13719977, upload-time = "2026-03-07T19:25:38.891Z" },
    { url = "https://files.pythonhosted.org/packages/59/3c/c755661e016ec8121c73a1adb04c927d0a20ce8a3f2a628b31b6483659b9/klayout-0.30.7-cp314-cp314-macosx_10_15_x86_64.whl", hash = "sha256:05dbf709e8bcf86abe22e7875d12e715b15f5aeaac2496c7b2c77a54fd784ff0", size = 20778266, upload-time = "2026-03-10T06:51:29.143Z" },
    { url = "https://files.pythonhosted.org/packages/be/d2/5ea5a477795e212343ddac537b13161f47a1ed1cad3cdeb024f899d84b9c/klayout-0.30.7-cp314-cp314-macosx_11_0_arm64.whl", hash = "sha256:10cf1ee8a25e3915bef2d67b38a2198238ce31fd1a715f35d15202220df8c292", size = 20690183, upload-time = "2026-03-10T06:51:31.572Z" },
    { url = "https://files.pythonhosted.org/packages/1b/20/10454ac31c2bb24a513a912db5e4773342f7ded1d15fd06052767d65f292/klayout-0.30.7-cp314-cp314-manylinux_2_27_aarch64.manylinux_2_28_aarch64.whl", hash = "sha256:d8b16506a555f1d1a43ec3b11e680f17727296865b61f4e2ce8854c3ed1b9679", size = 25045170, upload-time = "2026-03-10T06:51:34.226Z" },
    { url = "https://files.pythonhosted.org/packages/7d/0c/9b48630025c74dc5b94450929665ed794c05d335678a2fe0a32697809456/klayout-0.30.7-cp314-cp314-manylinux_2_27_x86_64.manylinux_2_28_x86_64.whl", hash = "sha256:176d8678872196b62f385c01ead93f31402308619f82023c8ca7980351c99661", size = 26978411, upload-time = "2026-03-10T06:51:37.266Z" },
    { url = "https://files.pythonhosted.org/packages/c4/20/4a9f37bb8f0925ab627bbc37450117daef53b214f6d92503bfd279356df9/klayout-0.30.7-cp314-cp314-musllinux_1_2_x86_64.whl", hash = "sha256:a4f77d5b6293d14da52c757af0db1c94b8117c75679e6b3e6c298cd5ac0ce907", size = 28524737, upload-time = "2026-03-10T06:51:40.674Z" },
    { url = "https://files.pythonhosted.org/packages/4d/e2/2fe9fdc3bbfb0dc0ffb50ecf0c838d9ff1623943dc707001a7fdb64db65f/klayout-0.30.7-cp314-cp314-win32.whl", hash = "sha256:1f73dd046a9bc318c7a96b35d7487b6da251cef71de6768aed00d028cb9bba0d", size = 12457978, upload-time = "2026-03-07T19:25:41.107Z" },
    { url = "https://files.pythonhosted.org/packages/8e/e0/3131178e757288d563fb2f97fb2a2916b1078dbc06a1dad8d36f2df2d93c/klayout-0.30.7-cp314-cp314-win_amd64.whl", hash = "sha256:c42588c1c0aecb0726c8154c7553760981f8a62aff8e96d6c9e8120b5115e666", size = 14089063, upload-time = "2026-03-07T19:25:43.083Z" },
    { url = "https://files.pythonhosted.org/packages/4e/3f/83d6e7f0b328fee918878d65ad41c2a739c8ae2b66f7f3841e3c33292b2c/klayout-0.30.7-cp314-cp314t-macosx_10_15_x86_64.whl", hash = "sha256:095f783bab4d294304e7e110458cec82585a42dd73677db4c558f70c1293a15d", size = 20778924, upload-time = "2026-03-10T06:51:44.076Z" },
    { url = "https://files.pythonhosted.org/packages/0e/85/4d06e6706bf093644006eb0ed5b16e5234040a80dbd5c6bb078a4df93dba/klayout-0.30.7-cp314-cp314t-macosx_11_0_arm64.whl", hash = "sha256:5a9bdaf817f679207fcfa7089b3e7b2ef43639e48ecd49a2518f022ead818a93", size = 20691159, upload-time = "2026-03-10T06:51:47.36Z" },
    { url = "https://files.pythonhosted.org/packages/49/de/641a40593b73d27ec98afa0cce27a533732df0da03cf69c3563923bfb9c7/klayout-0.30.7-cp314-cp314t-manylinux_2_27_aarch64.manylinux_2_28_aarch64.whl", hash = "sha256:a845b839d3f8161b634915dfb7e865457c41cdbcc6432f1d35b74ea6b1cd5f55", size = 25046028, upload-time = "2026-03-10T06:51:49.778Z" },
    { url = "https://files.pythonhosted.org/packages/67/73/d514ce8a5c3529a4330c0232e5efd8e154aa23fa8c608317fc40f1940122/klayout-0.30.7-cp314-cp314t-manylinux_2_27_x86_64.manylinux_2_28_x86_64.whl", hash = "sha256:a5690996c56b54b9589a63eaf9c83e850617dd4a8e44bdfdad608d75776fd869", size = 26979265, upload-time = "2026-03-10T06:51:52.462Z" },
    { url = "https://files.pythonhosted.org/packages/f2/37/cc9ae8ee3365ebde994844bfd8f877f6ddbffe122c5765b19da0d3247575/klayout-0.30.7-cp314-cp314t-musllinux_1_2_x86_64.whl", hash = "sha256:f9013836446c35988c7c663daf63a44cd822c1c0d7aef31fe2ddd15680a62881", size = 28525816, upload-time = "2026-03-10T06:51:55.429Z" },
]
